{
  "name": "kid-code",
  "version": "0.9.0",
  "lockfileVersion": 1,
  "requires": true,
  "dependencies": {
    "ace-builds": {
      "version": "1.2.9",
      "resolved": "https://registry.npmjs.org/ace-builds/-/ace-builds-1.2.9.tgz",
      "integrity": "sha512-Gcz6nv1YOwTrd1cCd5iDHyF15/hsascz25kUdUYC2zvMv1xeTldGrisMeV4+Jq3vv2OGNukzhIu48RB70iY7pA=="
    },
    "angular": {
      "version": "1.6.7",
      "resolved": "https://registry.npmjs.org/angular/-/angular-1.6.7.tgz",
      "integrity": "sha1-D4mDfa4XdrAcyx+iCW2w2Tc9mJc="
    },
    "angular-animate": {
      "version": "1.6.7",
      "resolved": "https://registry.npmjs.org/angular-animate/-/angular-animate-1.6.7.tgz",
      "integrity": "sha1-vG2+ahkNAZpvuyxzc9QPAc/XWJk="
    },
    "angular-aria": {
      "version": "1.6.7",
      "resolved": "https://registry.npmjs.org/angular-aria/-/angular-aria-1.6.7.tgz",
      "integrity": "sha1-oQihD8ZhaRT25WpsIHLah/Tm00I="
    },
    "angular-material": {
      "version": "1.1.5",
      "resolved": "https://registry.npmjs.org/angular-material/-/angular-material-1.1.5.tgz",
      "integrity": "sha1-pUUM2CBeFadpHtw4lHYJTPhtWSs="
    },
    "angular-messages": {
      "version": "1.6.7",
      "resolved": "https://registry.npmjs.org/angular-messages/-/angular-messages-1.6.7.tgz",
      "integrity": "sha1-uClD1EKSnXh1R4FLOU80gb029+A="
    },
    "angular-ui-ace": {
      "version": "0.2.3",
      "resolved": "https://registry.npmjs.org/angular-ui-ace/-/angular-ui-ace-0.2.3.tgz",
      "integrity": "sha1-PLkDQoEAYho2f8f2QUQOl6QqJtA="
    },
    "jailed": {
      "version": "0.3.1",
      "resolved": "https://registry.npmjs.org/jailed/-/jailed-0.3.1.tgz",
      "integrity": "sha1-PIiEQGQLkU2e4o7TC87Cd0XmV74="
    },
    "jquery": {
      "version": "3.2.1",
      "resolved": "https://registry.npmjs.org/jquery/-/jquery-3.2.1.tgz",
      "integrity": "sha1-XE2d5lKvbNCncBVKYxu6ErAVx4c="
    },
    "jquery.transit": {
      "version": "0.9.12",
      "resolved": "https://registry.npmjs.org/jquery.transit/-/jquery.transit-0.9.12.tgz",
      "integrity": "sha1-W0h6N3QdmdSEadd6DWgAGWMmPDc="
    }
  }
}
